name: aprl-GatewayConnectionResourcesAzureResourceLock
title: Configure an Azure Resource Lock on connections to prevent accidental deletion
description: Configure an Azure Resource lock for Gateway Connection resources to prevent accidental deletion
  and maintain connectivity between on-premises networks and Azure workloads.
source:
  type: aprl
  file: azure-resources/Network/connections/recommendations.yaml
  timestamp: July 24, 2024
resourceTypes:
- microsoft.network/connections
severity: 0
labels:
  guid: a5f3a4bd-4cf1-4196-a3cb-f5a0876198b2
  area: High Availability
links: []
queries:
  arg: ''
schemaVersion: 1
id: a5f3a4bd-4cf1-4196-a3cb-f5a0876198b2
services: []
automation:
  status: candidate
  validatedAt: null
  resultSemantics: unknown
  notes: The imported ARG payload was empty or comment-only, not executable automation. Original marker
    is retained in aprl-baseline.json. Assess this requirement manually; no Azure execution is claimed.
provenance:
  upstreamRevision: null
  lastReviewed: null
  sources: []
waf: Operations
